
Microsoft Visual Studio Solution File, Format Version 12.00
Project("{FAE04EC0-301F-11D3-BF4B-00C04F79EFBC}") = "d_06", "d_06\d_06.csproj", "{2CB2B381-5310-4955-ADB7-A244AC5C8F01}"
EndProject
Global
	GlobalSection(SolutionConfigurationPlatforms) = preSolution
		Debug|Any CPU = Debug|Any CPU
		Release|Any CPU = Release|Any CPU
	EndGlobalSection
	GlobalSection(ProjectConfigurationPlatforms) = postSolution
		{2CB2B381-5310-4955-ADB7-A244AC5C8F01}.Debug|Any CPU.ActiveCfg = Debug|Any CPU
		{2CB2B381-5310-4955-ADB7-A244AC5C8F01}.Debug|Any CPU.Build.0 = Debug|Any CPU
		{2CB2B381-5310-4955-ADB7-A244AC5C8F01}.Release|Any CPU.ActiveCfg = Release|Any CPU
		{2CB2B381-5310-4955-ADB7-A244AC5C8F01}.Release|Any CPU.Build.0 = Release|Any CPU
	EndGlobalSection
EndGlobal
